
Microsoft Visual Studio Solution File, Format Version 12.00
# Visual Studio 15
VisualStudioVersion = 15.0.27703.2042
MinimumVisualStudioVersion = 10.0.40219.1
Project("{FAE04EC0-301F-11D3-BF4B-00C04F79EFBC}") = "UIDevelopersTest", "UIDevelopersTest\UIDevelopersTest.csproj", "{4E85A316-9654-48EB-A540-1EBA03A78D94}"
EndProject
Global
	GlobalSection(SolutionConfigurationPlatforms) = preSolution
		Debug|Any CPU = Debug|Any CPU
		Release|Any CPU = Release|Any CPU
	EndGlobalSection
	GlobalSection(ProjectConfigurationPlatforms) = postSolution
		{4E85A316-9654-48EB-A540-1EBA03A78D94}.Debug|Any CPU.ActiveCfg = Debug|Any CPU
		{4E85A316-9654-48EB-A540-1EBA03A78D94}.Debug|Any CPU.Build.0 = Debug|Any CPU
		{4E85A316-9654-48EB-A540-1EBA03A78D94}.Release|Any CPU.ActiveCfg = Release|Any CPU
		{4E85A316-9654-48EB-A540-1EBA03A78D94}.Release|Any CPU.Build.0 = Release|Any CPU
	EndGlobalSection
	GlobalSection(SolutionProperties) = preSolution
		HideSolutionNode = FALSE
	EndGlobalSection
	GlobalSection(ExtensibilityGlobals) = postSolution
		SolutionGuid = {ECDC5945-045F-4FCB-BB5D-661DC92DDE75}
	EndGlobalSection
EndGlobal
